
Microsoft Visual Studio Solution File, Format Version 12.00
# Visual Studio Version 16
VisualStudioVersion = 16.0.30002.166
MinimumVisualStudioVersion = 10.0.40219.1
Project("{FAE04EC0-301F-11D3-BF4B-00C04F79EFBC}") = "ExceptionsTest.App", "ExceptionsTest.App\ExceptionsTest.App.csproj", "{DD939A5E-74C3-4D86-8628-8890C2259832}"
EndProject
Global
	GlobalSection(SolutionConfigurationPlatforms) = preSolution
		Debug|Any CPU = Debug|Any CPU
		Release|Any CPU = Release|Any CPU
	EndGlobalSection
	GlobalSection(ProjectConfigurationPlatforms) = postSolution
		{DD939A5E-74C3-4D86-8628-8890C2259832}.Debug|Any CPU.ActiveCfg = Debug|Any CPU
		{DD939A5E-74C3-4D86-8628-8890C2259832}.Debug|Any CPU.Build.0 = Debug|Any CPU
		{DD939A5E-74C3-4D86-8628-8890C2259832}.Release|Any CPU.ActiveCfg = Release|Any CPU
		{DD939A5E-74C3-4D86-8628-8890C2259832}.Release|Any CPU.Build.0 = Release|Any CPU
	EndGlobalSection
	GlobalSection(SolutionProperties) = preSolution
		HideSolutionNode = FALSE
	EndGlobalSection
	GlobalSection(ExtensibilityGlobals) = postSolution
		SolutionGuid = {CA5141D7-363A-43FD-88EF-5502A071A365}
	EndGlobalSection
EndGlobal
